// !$*UTF8*$!
{
	archiveVersion = 1;
	classes = {
	};
	objectVersion = 52;
	objects = {

/* Begin PBXBuildFile section */
		6749B6AEAFE3A7B2C3566DAC /* Pods_balance_tracker_ios.framework in Frameworks */ = {isa = PBXBuildFile; fileRef = 66D9457704C58B66AD472495 /* Pods_balance_tracker_ios.framework */; };
		7201077325DD9F8200E54F0F /* AppDelegate.swift in Sources */ = {isa = PBXBuildFile; fileRef = 7201077225DD9F8200E54F0F /* AppDelegate.swift */; };
		7201077725DD9F8200E54F0F /* ViewController.swift in Sources */ = {isa = PBXBuildFile; fileRef = 7201077625DD9F8200E54F0F /* ViewController.swift */; };
		7201077A25DD9F8200E54F0F /* Main.storyboard in Resources */ = {isa = PBXBuildFile; fileRef = 7201077825DD9F8200E54F0F /* Main.storyboard */; };
		7201077C25DD9F8700E54F0F /* Assets.xcassets in Resources */ = {isa = PBXBuildFile; fileRef = 7201077B25DD9F8700E54F0F /* Assets.xcassets */; };
		7201077F25DD9F8700E54F0F /* LaunchScreen.storyboard in Resources */ = {isa = PBXBuildFile; fileRef = 7201077D25DD9F8700E54F0F /* LaunchScreen.storyboard */; };
		7201078B25DDA26C00E54F0F /* KeychainAccess in Frameworks */ = {isa = PBXBuildFile; productRef = 7201078A25DDA26C00E54F0F /* KeychainAccess */; };
		7201079125DDA2E700E54F0F /* Coordinator.swift in Sources */ = {isa = PBXBuildFile; fileRef = 7201079025DDA2E700E54F0F /* Coordinator.swift */; };
		7201079625DDA31700E54F0F /* BaseCoordinator.swift in Sources */ = {isa = PBXBuildFile; fileRef = 7201079525DDA31700E54F0F /* BaseCoordinator.swift */; };
		7201079925DDA3A500E54F0F /* ApplicationCoordinator.swift in Sources */ = {isa = PBXBuildFile; fileRef = 7201079825DDA3A500E54F0F /* ApplicationCoordinator.swift */; };
		7201079C25DDA40000E54F0F /* DependencyContainer.swift in Sources */ = {isa = PBXBuildFile; fileRef = 7201079B25DDA40000E54F0F /* DependencyContainer.swift */; };
		7201079F25DDA46100E54F0F /* CoordinatorFactoryProtocol.swift in Sources */ = {isa = PBXBuildFile; fileRef = 7201079E25DDA46100E54F0F /* CoordinatorFactoryProtocol.swift */; };
		720107A225DDA4A200E54F0F /* Router.swift in Sources */ = {isa = PBXBuildFile; fileRef = 720107A125DDA4A200E54F0F /* Router.swift */; };
		720107A525DDA4B800E54F0F /* Presentable.swift in Sources */ = {isa = PBXBuildFile; fileRef = 720107A425DDA4B800E54F0F /* Presentable.swift */; };
		720107A825DDA4E200E54F0F /* CoordinatorNavigationController.swift in Sources */ = {isa = PBXBuildFile; fileRef = 720107A725DDA4E200E54F0F /* CoordinatorNavigationController.swift */; };
		720107AB25DDA51500E54F0F /* CustomBackButton.swift in Sources */ = {isa = PBXBuildFile; fileRef = 720107AA25DDA51500E54F0F /* CustomBackButton.swift */; };
		720107AE25DDA5A500E54F0F /* AuthViewControllerFactory.swift in Sources */ = {isa = PBXBuildFile; fileRef = 720107AD25DDA5A500E54F0F /* AuthViewControllerFactory.swift */; };
		720107B125DDAADA00E54F0F /* DependencyContainer+Extension.swift in Sources */ = {isa = PBXBuildFile; fileRef = 720107B025DDAADA00E54F0F /* DependencyContainer+Extension.swift */; };
		720107B425DDAB4A00E54F0F /* LaunchInstructor.swift in Sources */ = {isa = PBXBuildFile; fileRef = 720107B325DDAB4A00E54F0F /* LaunchInstructor.swift */; };
		720107B925DDABBA00E54F0F /* Account+Keychain.swift in Sources */ = {isa = PBXBuildFile; fileRef = 720107B825DDABBA00E54F0F /* Account+Keychain.swift */; };
		720107BE25DDABF200E54F0F /* FadeAnimator.swift in Sources */ = {isa = PBXBuildFile; fileRef = 720107BD25DDABF200E54F0F /* FadeAnimator.swift */; };
		720107C125DDAC1500E54F0F /* CoordinatorFinishOutput.swift in Sources */ = {isa = PBXBuildFile; fileRef = 720107C025DDAC1500E54F0F /* CoordinatorFinishOutput.swift */; };
		720107C425DDAC2D00E54F0F /* AlertManager.swift in Sources */ = {isa = PBXBuildFile; fileRef = 720107C325DDAC2D00E54F0F /* AlertManager.swift */; };
		720107C725DDAC7800E54F0F /* UserDefaultHelper.swift in Sources */ = {isa = PBXBuildFile; fileRef = 720107C625DDAC7800E54F0F /* UserDefaultHelper.swift */; };
		720107CB25DDAFA800E54F0F /* BaseView.swift in Sources */ = {isa = PBXBuildFile; fileRef = 720107CA25DDAFA800E54F0F /* BaseView.swift */; };
		720107CF25DDAFD000E54F0F /* BaseViewController.swift in Sources */ = {isa = PBXBuildFile; fileRef = 720107CE25DDAFD000E54F0F /* BaseViewController.swift */; };
		720107D225DDB02100E54F0F /* BaseCell.swift in Sources */ = {isa = PBXBuildFile; fileRef = 720107D125DDB02100E54F0F /* BaseCell.swift */; };
		720107D525DDC7FC00E54F0F /* SetupCodeView.swift in Sources */ = {isa = PBXBuildFile; fileRef = 720107D425DDC7FB00E54F0F /* SetupCodeView.swift */; };
		720107D825DDC83C00E54F0F /* Validator.swift in Sources */ = {isa = PBXBuildFile; fileRef = 720107D725DDC83C00E54F0F /* Validator.swift */; };
		720107DC25DDC8A900E54F0F /* UIColor+rgba.swift in Sources */ = {isa = PBXBuildFile; fileRef = 720107DB25DDC8A900E54F0F /* UIColor+rgba.swift */; };
		720107E025DDCA8A00E54F0F /* Currency.swift in Sources */ = {isa = PBXBuildFile; fileRef = 720107DF25DDCA8A00E54F0F /* Currency.swift */; };
		720107E325DDCAE400E54F0F /* UILabel+extension.swift in Sources */ = {isa = PBXBuildFile; fileRef = 720107E225DDCAE400E54F0F /* UILabel+extension.swift */; };
		720107E625DDCB0E00E54F0F /* String+extension.swift in Sources */ = {isa = PBXBuildFile; fileRef = 720107E525DDCB0E00E54F0F /* String+extension.swift */; };
		720107E925DDCB8700E54F0F /* UIView+extension.swift in Sources */ = {isa = PBXBuildFile; fileRef = 720107E825DDCB8700E54F0F /* UIView+extension.swift */; };
		720107EC25DDCBDA00E54F0F /* UINavigationBar+extension.swift in Sources */ = {isa = PBXBuildFile; fileRef = 720107EB25DDCBDA00E54F0F /* UINavigationBar+extension.swift */; };
		720107EF25DDCC0600E54F0F /* UIViewController+presentable.swift in Sources */ = {isa = PBXBuildFile; fileRef = 720107EE25DDCC0600E54F0F /* UIViewController+presentable.swift */; };
		720107F225DDCC3E00E54F0F /* UIButton+extension.swift in Sources */ = {isa = PBXBuildFile; fileRef = 720107F125DDCC3E00E54F0F /* UIButton+extension.swift */; };
		720107F525DDCC5C00E54F0F /* ButtonWithImage.swift in Sources */ = {isa = PBXBuildFile; fileRef = 720107F425DDCC5C00E54F0F /* ButtonWithImage.swift */; };
		720107F825DDCC8E00E54F0F /* UIView+layout.swift in Sources */ = {isa = PBXBuildFile; fileRef = 720107F725DDCC8E00E54F0F /* UIView+layout.swift */; };
		720107FB25DDCEDC00E54F0F /* CALayer+extension.swift in Sources */ = {isa = PBXBuildFile; fileRef = 720107FA25DDCEDC00E54F0F /* CALayer+extension.swift */; };
		7203A3A225FCC36100FB3AC8 /* CardView.swift in Sources */ = {isa = PBXBuildFile; fileRef = 7203A3A125FCC36100FB3AC8 /* CardView.swift */; };
		7225EF44266D53B400BBA2F7 /* CoinPrices.swift in Sources */ = {isa = PBXBuildFile; fileRef = 7225EF43266D53B400BBA2F7 /* CoinPrices.swift */; };
		728BF1492604B76500CBF304 /* FriendDetailViewController.swift in Sources */ = {isa = PBXBuildFile; fileRef = 728BF1482604B76500CBF304 /* FriendDetailViewController.swift */; };
		728BF14B2604BBF300CBF304 /* FriendDetailView.swift in Sources */ = {isa = PBXBuildFile; fileRef = 728BF14A2604BBF300CBF304 /* FriendDetailView.swift */; };
		7298AE4225F0173400336094 /* GoogleService-Info.plist in Resources */ = {isa = PBXBuildFile; fileRef = 7298AE4125F0173400336094 /* GoogleService-Info.plist */; };
		7298AE6925F0216100336094 /* UIButton+style.swift in Sources */ = {isa = PBXBuildFile; fileRef = 7298AE6825F0216100336094 /* UIButton+style.swift */; };
		7298AE6B25F19DE900336094 /* BinanceAPIView.swift in Sources */ = {isa = PBXBuildFile; fileRef = 7298AE6A25F19DE900336094 /* BinanceAPIView.swift */; };
		7298AE6D25F1A01D00336094 /* BinanceAPIViewController.swift in Sources */ = {isa = PBXBuildFile; fileRef = 7298AE6C25F1A01D00336094 /* BinanceAPIViewController.swift */; };
		72AB045B25DF1C14001F4FAB /* SwiftMessages in Frameworks */ = {isa = PBXBuildFile; productRef = 72AB045A25DF1C14001F4FAB /* SwiftMessages */; };
		72AB045E25DF1C39001F4FAB /* UIViewController+alerts.swift in Sources */ = {isa = PBXBuildFile; fileRef = 72AB045D25DF1C39001F4FAB /* UIViewController+alerts.swift */; };
		72AB046125DF1C4A001F4FAB /* UIViewController+extension.swift in Sources */ = {isa = PBXBuildFile; fileRef = 72AB046025DF1C4A001F4FAB /* UIViewController+extension.swift */; };
		72AB046825DF203C001F4FAB /* MainTabBarCoordinator.swift in Sources */ = {isa = PBXBuildFile; fileRef = 72AB046725DF203C001F4FAB /* MainTabBarCoordinator.swift */; };
		72AB046D25DF205A001F4FAB /* MainTabBarController.swift in Sources */ = {isa = PBXBuildFile; fileRef = 72AB046C25DF205A001F4FAB /* MainTabBarController.swift */; };
		72CEA1E125DFA5D50073BE52 /* BalanceRouter.swift in Sources */ = {isa = PBXBuildFile; fileRef = 72CEA1E025DFA5D50073BE52 /* BalanceRouter.swift */; };
		72CEA1E525DFA5E30073BE52 /* BalanceAPIManager.swift in Sources */ = {isa = PBXBuildFile; fileRef = 72CEA1E425DFA5E30073BE52 /* BalanceAPIManager.swift */; };
		72CEA1E925DFA62C0073BE52 /* Alamofire in Frameworks */ = {isa = PBXBuildFile; productRef = 72CEA1E825DFA62C0073BE52 /* Alamofire */; };
		72CEA1ED25DFA6900073BE52 /* Constants.swift in Sources */ = {isa = PBXBuildFile; fileRef = 72CEA1EC25DFA6900073BE52 /* Constants.swift */; };
		72CEA1F125DFA69B0073BE52 /* Constants+url.swift in Sources */ = {isa = PBXBuildFile; fileRef = 72CEA1F025DFA69B0073BE52 /* Constants+url.swift */; };
		72CEA1F425DFA6A60073BE52 /* Constants+text.swift in Sources */ = {isa = PBXBuildFile; fileRef = 72CEA1F325DFA6A60073BE52 /* Constants+text.swift */; };
		72CEA1F825DFA9B90073BE52 /* APIManagerRetrier.swift in Sources */ = {isa = PBXBuildFile; fileRef = 72CEA1F725DFA9B90073BE52 /* APIManagerRetrier.swift */; };
		72CEA1FD25DFA9F90073BE52 /* AlertMessage.swift in Sources */ = {isa = PBXBuildFile; fileRef = 72CEA1FC25DFA9F90073BE52 /* AlertMessage.swift */; };
		72CEA20025DFAAAE0073BE52 /* APIErrorModel.swift in Sources */ = {isa = PBXBuildFile; fileRef = 72CEA1FF25DFAAAE0073BE52 /* APIErrorModel.swift */; };
		72CEA20325DFAAD30073BE52 /* ServiceError.swift in Sources */ = {isa = PBXBuildFile; fileRef = 72CEA20225DFAAD30073BE52 /* ServiceError.swift */; };
		72CEA20625DFAAE80073BE52 /* NetworkError.swift in Sources */ = {isa = PBXBuildFile; fileRef = 72CEA20525DFAAE80073BE52 /* NetworkError.swift */; };
		72CEA20925DFAB6D0073BE52 /* BalanceCoordinator.swift in Sources */ = {isa = PBXBuildFile; fileRef = 72CEA20825DFAB6D0073BE52 /* BalanceCoordinator.swift */; };
		72CEA20C25DFAB8A0073BE52 /* BalanceModel.swift in Sources */ = {isa = PBXBuildFile; fileRef = 72CEA20B25DFAB8A0073BE52 /* BalanceModel.swift */; };
		72CEA20F25DFCA400073BE52 /* BalanceViewModel.swift in Sources */ = {isa = PBXBuildFile; fileRef = 72CEA20E25DFCA400073BE52 /* BalanceViewModel.swift */; };
		72CEA21225DFCB6D0073BE52 /* BalanceViewController.swift in Sources */ = {isa = PBXBuildFile; fileRef = 72CEA21125DFCB6D0073BE52 /* BalanceViewController.swift */; };
		72CEA21525DFCB790073BE52 /* BalanceView.swift in Sources */ = {isa = PBXBuildFile; fileRef = 72CEA21425DFCB790073BE52 /* BalanceView.swift */; };
		72CEA21825DFCBF00073BE52 /* BasicCell.swift in Sources */ = {isa = PBXBuildFile; fileRef = 72CEA21725DFCBF00073BE52 /* BasicCell.swift */; };
		72CEA21B25DFE7E70073BE52 /* BasicHeader.swift in Sources */ = {isa = PBXBuildFile; fileRef = 72CEA21A25DFE7E70073BE52 /* BasicHeader.swift */; };
		72CEA22725DFEC030073BE52 /* FriendsRouter.swift in Sources */ = {isa = PBXBuildFile; fileRef = 72CEA22625DFEC030073BE52 /* FriendsRouter.swift */; };
		72CEA22B25DFEC4C0073BE52 /* FriendsAPIManager.swift in Sources */ = {isa = PBXBuildFile; fileRef = 72CEA22A25DFEC4C0073BE52 /* FriendsAPIManager.swift */; };
		72CEA22E25DFEC6F0073BE52 /* FriendsCoordinator.swift in Sources */ = {isa = PBXBuildFile; fileRef = 72CEA22D25DFEC6F0073BE52 /* FriendsCoordinator.swift */; };
		72CEA23825E105F40073BE52 /* FriendModel.swift in Sources */ = {isa = PBXBuildFile; fileRef = 72CEA23725E105F40073BE52 /* FriendModel.swift */; };
		72CEA23A25E114010073BE52 /* FriendsViewModel.swift in Sources */ = {isa = PBXBuildFile; fileRef = 72CEA23925E114010073BE52 /* FriendsViewModel.swift */; };
		72CEA23C25E114380073BE52 /* FriendsView.swift in Sources */ = {isa = PBXBuildFile; fileRef = 72CEA23B25E114380073BE52 /* FriendsView.swift */; };
		72CEA23E25E1147D0073BE52 /* FriendsViewController.swift in Sources */ = {isa = PBXBuildFile; fileRef = 72CEA23D25E1147D0073BE52 /* FriendsViewController.swift */; };
		72CEA24625E1158B0073BE52 /* ProfileViewController.swift in Sources */ = {isa = PBXBuildFile; fileRef = 72CEA24525E1158B0073BE52 /* ProfileViewController.swift */; };
		72CEA24825E115AD0073BE52 /* ProfileView.swift in Sources */ = {isa = PBXBuildFile; fileRef = 72CEA24725E115AD0073BE52 /* ProfileView.swift */; };
		72CEA24A25E115E00073BE52 /* ProfileViewModel.swift in Sources */ = {isa = PBXBuildFile; fileRef = 72CEA24925E115E00073BE52 /* ProfileViewModel.swift */; };
		72CEA24C25E116090073BE52 /* ProfileModel.swift in Sources */ = {isa = PBXBuildFile; fileRef = 72CEA24B25E116090073BE52 /* ProfileModel.swift */; };
		72CEA24E25E116310073BE52 /* ProfileCoordinator.swift in Sources */ = {isa = PBXBuildFile; fileRef = 72CEA24D25E116310073BE52 /* ProfileCoordinator.swift */; };
		72CEA25025E116740073BE52 /* ProfileRouter.swift in Sources */ = {isa = PBXBuildFile; fileRef = 72CEA24F25E116740073BE52 /* ProfileRouter.swift */; };
		72CEA25225E116840073BE52 /* ProfileAPIManager.swift in Sources */ = {isa = PBXBuildFile; fileRef = 72CEA25125E116840073BE52 /* ProfileAPIManager.swift */; };
		72DCBDA225EED05700BD3AFC /* LoginViewController.swift in Sources */ = {isa = PBXBuildFile; fileRef = 72DCBDA125EED05700BD3AFC /* LoginViewController.swift */; };
		72DCBDA425EED06200BD3AFC /* RegisterViewController.swift in Sources */ = {isa = PBXBuildFile; fileRef = 72DCBDA325EED06200BD3AFC /* RegisterViewController.swift */; };
		72DCBDA625EED07500BD3AFC /* LoginView.swift in Sources */ = {isa = PBXBuildFile; fileRef = 72DCBDA525EED07500BD3AFC /* LoginView.swift */; };
		72DCBDA825EED07D00BD3AFC /* RegisterView.swift in Sources */ = {isa = PBXBuildFile; fileRef = 72DCBDA725EED07D00BD3AFC /* RegisterView.swift */; };
		72DCBDAA25EED09700BD3AFC /* LoginViewModel.swift in Sources */ = {isa = PBXBuildFile; fileRef = 72DCBDA925EED09700BD3AFC /* LoginViewModel.swift */; };
		72DCBDAC25EED0B100BD3AFC /* AuthCoordinator.swift in Sources */ = {isa = PBXBuildFile; fileRef = 72DCBDAB25EED0B100BD3AFC /* AuthCoordinator.swift */; };
		72DCBDAE25EED0C900BD3AFC /* LoginRouter.swift in Sources */ = {isa = PBXBuildFile; fileRef = 72DCBDAD25EED0C900BD3AFC /* LoginRouter.swift */; };
		72DCBDB725EED52600BD3AFC /* AppTextField.swift in Sources */ = {isa = PBXBuildFile; fileRef = 72DCBDB625EED52600BD3AFC /* AppTextField.swift */; };
		72E56A0025EA763100B136D8 /* BinanceAPI.swift in Sources */ = {isa = PBXBuildFile; fileRef = 72E569FF25EA763100B136D8 /* BinanceAPI.swift */; };
		72E56A0325EA776900B136D8 /* CryptoSwift in Frameworks */ = {isa = PBXBuildFile; productRef = 72E56A0225EA776900B136D8 /* CryptoSwift */; };
		72E56A0625EA891500B136D8 /* Charts in Frameworks */ = {isa = PBXBuildFile; productRef = 72E56A0525EA891500B136D8 /* Charts */; };
		72E56A0825EAA95700B136D8 /* UIColor+random.swift in Sources */ = {isa = PBXBuildFile; fileRef = 72E56A0725EAA95700B136D8 /* UIColor+random.swift */; };
		72E56A0A25EAAB8100B136D8 /* BalanceHeader.swift in Sources */ = {isa = PBXBuildFile; fileRef = 72E56A0925EAAB8100B136D8 /* BalanceHeader.swift */; };
		72FB6D9725E2DA5200E5289C /* DonutChartView.swift in Sources */ = {isa = PBXBuildFile; fileRef = 72FB6D9625E2DA5200E5289C /* DonutChartView.swift */; };
		72FB6D9925E2DA6C00E5289C /* BalanceCell.swift in Sources */ = {isa = PBXBuildFile; fileRef = 72FB6D9825E2DA6C00E5289C /* BalanceCell.swift */; };
/* End PBXBuildFile section */

/* Begin PBXCopyFilesBuildPhase section */
		72CEA23625E105B40073BE52 /* Embed Frameworks */ = {
			isa = PBXCopyFilesBuildPhase;
			buildActionMask = 2147483647;
			dstPath = "";
			dstSubfolderSpec = 10;
			files = (
			);
			name = "Embed Frameworks";
			runOnlyForDeploymentPostprocessing = 0;
		};
/* End PBXCopyFilesBuildPhase section */

/* Begin PBXFileReference section */
		66D9457704C58B66AD472495 /* Pods_balance_tracker_ios.framework */ = {isa = PBXFileReference; explicitFileType = wrapper.framework; includeInIndex = 0; path = Pods_balance_tracker_ios.framework; sourceTree = BUILT_PRODUCTS_DIR; };
		7201076F25DD9F8200E54F0F /* balance-tracker-ios.app */ = {isa = PBXFileReference; explicitFileType = wrapper.application; includeInIndex = 0; path = "balance-tracker-ios.app"; sourceTree = BUILT_PRODUCTS_DIR; };
		7201077225DD9F8200E54F0F /* AppDelegate.swift */ = {isa = PBXFileReference; lastKnownFileType = sourcecode.swift; path = AppDelegate.swift; sourceTree = "<group>"; };
		7201077625DD9F8200E54F0F /* ViewController.swift */ = {isa = PBXFileReference; lastKnownFileType = sourcecode.swift; path = ViewController.swift; sourceTree = "<group>"; };
		7201077925DD9F8200E54F0F /* Base */ = {isa = PBXFileReference; lastKnownFileType = file.storyboard; name = Base; path = Base.lproj/Main.storyboard; sourceTree = "<group>"; };
		7201077B25DD9F8700E54F0F /* Assets.xcassets */ = {isa = PBXFileReference; lastKnownFileType = folder.assetcatalog; path = Assets.xcassets; sourceTree = "<group>"; };
		7201077E25DD9F8700E54F0F /* Base */ = {isa = PBXFileReference; lastKnownFileType = file.storyboard; name = Base; path = Base.lproj/LaunchScreen.storyboard; sourceTree = "<group>"; };
		7201078025DD9F8700E54F0F /* Info.plist */ = {isa = PBXFileReference; lastKnownFileType = text.plist.xml; path = Info.plist; sourceTree = "<group>"; };
		7201079025DDA2E700E54F0F /* Coordinator.swift */ = {isa = PBXFileReference; lastKnownFileType = sourcecode.swift; path = Coordinator.swift; sourceTree = "<group>"; };
		7201079525DDA31700E54F0F /* BaseCoordinator.swift */ = {isa = PBXFileReference; lastKnownFileType = sourcecode.swift; path = BaseCoordinator.swift; sourceTree = "<group>"; };
		7201079825DDA3A500E54F0F /* ApplicationCoordinator.swift */ = {isa = PBXFileReference; lastKnownFileType = sourcecode.swift; path = ApplicationCoordinator.swift; sourceTree = "<group>"; };
		7201079B25DDA40000E54F0F /* DependencyContainer.swift */ = {isa = PBXFileReference; lastKnownFileType = sourcecode.swift; path = DependencyContainer.swift; sourceTree = "<group>"; };
		7201079E25DDA46100E54F0F /* CoordinatorFactoryProtocol.swift */ = {isa = PBXFileReference; lastKnownFileType = sourcecode.swift; path = CoordinatorFactoryProtocol.swift; sourceTree = "<group>"; };
		720107A125DDA4A200E54F0F /* Router.swift */ = {isa = PBXFileReference; lastKnownFileType = sourcecode.swift; path = Router.swift; sourceTree = "<group>"; };
		720107A425DDA4B800E54F0F /* Presentable.swift */ = {isa = PBXFileReference; lastKnownFileType = sourcecode.swift; path = Presentable.swift; sourceTree = "<group>"; };
		720107A725DDA4E200E54F0F /* CoordinatorNavigationController.swift */ = {isa = PBXFileReference; lastKnownFileType = sourcecode.swift; path = CoordinatorNavigationController.swift; sourceTree = "<group>"; };
		720107AA25DDA51500E54F0F /* CustomBackButton.swift */ = {isa = PBXFileReference; lastKnownFileType = sourcecode.swift; path = CustomBackButton.swift; sourceTree = "<group>"; };
		720107AD25DDA5A500E54F0F /* AuthViewControllerFactory.swift */ = {isa = PBXFileReference; lastKnownFileType = sourcecode.swift; path = AuthViewControllerFactory.swift; sourceTree = "<group>"; };
		720107B025DDAADA00E54F0F /* DependencyContainer+Extension.swift */ = {isa = PBXFileReference; lastKnownFileType = sourcecode.swift; path = "DependencyContainer+Extension.swift"; sourceTree = "<group>"; };
		720107B325DDAB4A00E54F0F /* LaunchInstructor.swift */ = {isa = PBXFileReference; lastKnownFileType = sourcecode.swift; path = LaunchInstructor.swift; sourceTree = "<group>"; };
		720107B825DDABBA00E54F0F /* Account+Keychain.swift */ = {isa = PBXFileReference; lastKnownFileType = sourcecode.swift; path = "Account+Keychain.swift"; sourceTree = "<group>"; };
		720107BD25DDABF200E54F0F /* FadeAnimator.swift */ = {isa = PBXFileReference; lastKnownFileType = sourcecode.swift; path = FadeAnimator.swift; sourceTree = "<group>"; };
		720107C025DDAC1500E54F0F /* CoordinatorFinishOutput.swift */ = {isa = PBXFileReference; lastKnownFileType = sourcecode.swift; path = CoordinatorFinishOutput.swift; sourceTree = "<group>"; };
		720107C325DDAC2D00E54F0F /* AlertManager.swift */ = {isa = PBXFileReference; lastKnownFileType = sourcecode.swift; path = AlertManager.swift; sourceTree = "<group>"; };
		720107C625DDAC7800E54F0F /* UserDefaultHelper.swift */ = {isa = PBXFileReference; lastKnownFileType = sourcecode.swift; path = UserDefaultHelper.swift; sourceTree = "<group>"; };
		720107CA25DDAFA800E54F0F /* BaseView.swift */ = {isa = PBXFileReference; lastKnownFileType = sourcecode.swift; path = BaseView.swift; sourceTree = "<group>"; };
		720107CE25DDAFD000E54F0F /* BaseViewController.swift */ = {isa = PBXFileReference; lastKnownFileType = sourcecode.swift; path = BaseViewController.swift; sourceTree = "<group>"; };
		720107D125DDB02100E54F0F /* BaseCell.swift */ = {isa = PBXFileReference; lastKnownFileType = sourcecode.swift; path = BaseCell.swift; sourceTree = "<group>"; };
		720107D425DDC7FB00E54F0F /* SetupCodeView.swift */ = {isa = PBXFileReference; lastKnownFileType = sourcecode.swift; path = SetupCodeView.swift; sourceTree = "<group>"; };
		720107D725DDC83C00E54F0F /* Validator.swift */ = {isa = PBXFileReference; lastKnownFileType = sourcecode.swift; path = Validator.swift; sourceTree = "<group>"; };
		720107DB25DDC8A900E54F0F /* UIColor+rgba.swift */ = {isa = PBXFileReference; lastKnownFileType = sourcecode.swift; path = "UIColor+rgba.swift"; sourceTree = "<group>"; };
		720107DF25DDCA8A00E54F0F /* Currency.swift */ = {isa = PBXFileReference; lastKnownFileType = sourcecode.swift; path = Currency.swift; sourceTree = "<group>"; };
		720107E225DDCAE400E54F0F /* UILabel+extension.swift */ = {isa = PBXFileReference; lastKnownFileType = sourcecode.swift; path = "UILabel+extension.swift"; sourceTree = "<group>"; };
		720107E525DDCB0E00E54F0F /* String+extension.swift */ = {isa = PBXFileReference; lastKnownFileType = sourcecode.swift; path = "String+extension.swift"; sourceTree = "<group>"; };
		720107E825DDCB8700E54F0F /* UIView+extension.swift */ = {isa = PBXFileReference; lastKnownFileType = sourcecode.swift; path = "UIView+extension.swift"; sourceTree = "<group>"; };
		720107EB25DDCBDA00E54F0F /* UINavigationBar+extension.swift */ = {isa = PBXFileReference; lastKnownFileType = sourcecode.swift; path = "UINavigationBar+extension.swift"; sourceTree = "<group>"; };
		720107EE25DDCC0600E54F0F /* UIViewController+presentable.swift */ = {isa = PBXFileReference; lastKnownFileType = sourcecode.swift; path = "UIViewController+presentable.swift"; sourceTree = "<group>"; };
		720107F125DDCC3E00E54F0F /* UIButton+extension.swift */ = {isa = PBXFileReference; lastKnownFileType = sourcecode.swift; path = "UIButton+extension.swift"; sourceTree = "<group>"; };
		720107F425DDCC5C00E54F0F /* ButtonWithImage.swift */ = {isa = PBXFileReference; lastKnownFileType = sourcecode.swift; path = ButtonWithImage.swift; sourceTree = "<group>"; };
		720107F725DDCC8E00E54F0F /* UIView+layout.swift */ = {isa = PBXFileReference; lastKnownFileType = sourcecode.swift; path = "UIView+layout.swift"; sourceTree = "<group>"; };
		720107FA25DDCEDC00E54F0F /* CALayer+extension.swift */ = {isa = PBXFileReference; lastKnownFileType = sourcecode.swift; path = "CALayer+extension.swift"; sourceTree = "<group>"; };
		7203A3A125FCC36100FB3AC8 /* CardView.swift */ = {isa = PBXFileReference; lastKnownFileType = sourcecode.swift; path = CardView.swift; sourceTree = "<group>"; };
		7225EF43266D53B400BBA2F7 /* CoinPrices.swift */ = {isa = PBXFileReference; lastKnownFileType = sourcecode.swift; path = CoinPrices.swift; sourceTree = "<group>"; };
		728BF1482604B76500CBF304 /* FriendDetailViewController.swift */ = {isa = PBXFileReference; lastKnownFileType = sourcecode.swift; path = FriendDetailViewController.swift; sourceTree = "<group>"; };
		728BF14A2604BBF300CBF304 /* FriendDetailView.swift */ = {isa = PBXFileReference; lastKnownFileType = sourcecode.swift; path = FriendDetailView.swift; sourceTree = "<group>"; };
		7298AE4125F0173400336094 /* GoogleService-Info.plist */ = {isa = PBXFileReference; fileEncoding = 4; lastKnownFileType = text.plist.xml; path = "GoogleService-Info.plist"; sourceTree = "<group>"; };
		7298AE6825F0216100336094 /* UIButton+style.swift */ = {isa = PBXFileReference; lastKnownFileType = sourcecode.swift; path = "UIButton+style.swift"; sourceTree = "<group>"; };
		7298AE6A25F19DE900336094 /* BinanceAPIView.swift */ = {isa = PBXFileReference; lastKnownFileType = sourcecode.swift; path = BinanceAPIView.swift; sourceTree = "<group>"; };
		7298AE6C25F1A01D00336094 /* BinanceAPIViewController.swift */ = {isa = PBXFileReference; lastKnownFileType = sourcecode.swift; path = BinanceAPIViewController.swift; sourceTree = "<group>"; };
		72AB045D25DF1C39001F4FAB /* UIViewController+alerts.swift */ = {isa = PBXFileReference; lastKnownFileType = sourcecode.swift; path = "UIViewController+alerts.swift"; sourceTree = "<group>"; };
		72AB046025DF1C4A001F4FAB /* UIViewController+extension.swift */ = {isa = PBXFileReference; lastKnownFileType = sourcecode.swift; path = "UIViewController+extension.swift"; sourceTree = "<group>"; };
		72AB046725DF203C001F4FAB /* MainTabBarCoordinator.swift */ = {isa = PBXFileReference; lastKnownFileType = sourcecode.swift; path = MainTabBarCoordinator.swift; sourceTree = "<group>"; };
		72AB046C25DF205A001F4FAB /* MainTabBarController.swift */ = {isa = PBXFileReference; lastKnownFileType = sourcecode.swift; path = MainTabBarController.swift; sourceTree = "<group>"; };
		72CEA1E025DFA5D50073BE52 /* BalanceRouter.swift */ = {isa = PBXFileReference; lastKnownFileType = sourcecode.swift; path = BalanceRouter.swift; sourceTree = "<group>"; };
		72CEA1E425DFA5E30073BE52 /* BalanceAPIManager.swift */ = {isa = PBXFileReference; lastKnownFileType = sourcecode.swift; path = BalanceAPIManager.swift; sourceTree = "<group>"; };
		72CEA1EC25DFA6900073BE52 /* Constants.swift */ = {isa = PBXFileReference; lastKnownFileType = sourcecode.swift; path = Constants.swift; sourceTree = "<group>"; };
		72CEA1F025DFA69B0073BE52 /* Constants+url.swift */ = {isa = PBXFileReference; lastKnownFileType = sourcecode.swift; path = "Constants+url.swift"; sourceTree = "<group>"; };
		72CEA1F325DFA6A60073BE52 /* Constants+text.swift */ = {isa = PBXFileReference; lastKnownFileType = sourcecode.swift; path = "Constants+text.swift"; sourceTree = "<group>"; };
		72CEA1F725DFA9B90073BE52 /* APIManagerRetrier.swift */ = {isa = PBXFileReference; lastKnownFileType = sourcecode.swift; path = APIManagerRetrier.swift; sourceTree = "<group>"; };
		72CEA1FC25DFA9F90073BE52 /* AlertMessage.swift */ = {isa = PBXFileReference; lastKnownFileType = sourcecode.swift; path = AlertMessage.swift; sourceTree = "<group>"; };
		72CEA1FF25DFAAAE0073BE52 /* APIErrorModel.swift */ = {isa = PBXFileReference; lastKnownFileType = sourcecode.swift; path = APIErrorModel.swift; sourceTree = "<group>"; };
		72CEA20225DFAAD30073BE52 /* ServiceError.swift */ = {isa = PBXFileReference; lastKnownFileType = sourcecode.swift; path = ServiceError.swift; sourceTree = "<group>"; };
		72CEA20525DFAAE80073BE52 /* NetworkError.swift */ = {isa = PBXFileReference; lastKnownFileType = sourcecode.swift; path = NetworkError.swift; sourceTree = "<group>"; };
		72CEA20825DFAB6D0073BE52 /* BalanceCoordinator.swift */ = {isa = PBXFileReference; lastKnownFileType = sourcecode.swift; path = BalanceCoordinator.swift; sourceTree = "<group>"; };
		72CEA20B25DFAB8A0073BE52 /* BalanceModel.swift */ = {isa = PBXFileReference; lastKnownFileType = sourcecode.swift; path = BalanceModel.swift; sourceTree = "<group>"; };
		72CEA20E25DFCA400073BE52 /* BalanceViewModel.swift */ = {isa = PBXFileReference; lastKnownFileType = sourcecode.swift; path = BalanceViewModel.swift; sourceTree = "<group>"; };
		72CEA21125DFCB6D0073BE52 /* BalanceViewController.swift */ = {isa = PBXFileReference; lastKnownFileType = sourcecode.swift; path = BalanceViewController.swift; sourceTree = "<group>"; };
		72CEA21425DFCB790073BE52 /* BalanceView.swift */ = {isa = PBXFileReference; lastKnownFileType = sourcecode.swift; path = BalanceView.swift; sourceTree = "<group>"; };
		72CEA21725DFCBF00073BE52 /* BasicCell.swift */ = {isa = PBXFileReference; lastKnownFileType = sourcecode.swift; path = BasicCell.swift; sourceTree = "<group>"; };
		72CEA21A25DFE7E70073BE52 /* BasicHeader.swift */ = {isa = PBXFileReference; lastKnownFileType = sourcecode.swift; path = BasicHeader.swift; sourceTree = "<group>"; };
		72CEA22625DFEC030073BE52 /* FriendsRouter.swift */ = {isa = PBXFileReference; lastKnownFileType = sourcecode.swift; path = FriendsRouter.swift; sourceTree = "<group>"; };
		72CEA22A25DFEC4C0073BE52 /* FriendsAPIManager.swift */ = {isa = PBXFileReference; lastKnownFileType = sourcecode.swift; path = FriendsAPIManager.swift; sourceTree = "<group>"; };
		72CEA22D25DFEC6F0073BE52 /* FriendsCoordinator.swift */ = {isa = PBXFileReference; lastKnownFileType = sourcecode.swift; path = FriendsCoordinator.swift; sourceTree = "<group>"; };
		72CEA23725E105F40073BE52 /* FriendModel.swift */ = {isa = PBXFileReference; lastKnownFileType = sourcecode.swift; path = FriendModel.swift; sourceTree = "<group>"; };
		72CEA23925E114010073BE52 /* FriendsViewModel.swift */ = {isa = PBXFileReference; lastKnownFileType = sourcecode.swift; path = FriendsViewModel.swift; sourceTree = "<group>"; };
		72CEA23B25E114380073BE52 /* FriendsView.swift */ = {isa = PBXFileReference; lastKnownFileType = sourcecode.swift; path = FriendsView.swift; sourceTree = "<group>"; };
		72CEA23D25E1147D0073BE52 /* FriendsViewController.swift */ = {isa = PBXFileReference; lastKnownFileType = sourcecode.swift; path = FriendsViewController.swift; sourceTree = "<group>"; };
		72CEA24525E1158B0073BE52 /* ProfileViewController.swift */ = {isa = PBXFileReference; lastKnownFileType = sourcecode.swift; path = ProfileViewController.swift; sourceTree = "<group>"; };
		72CEA24725E115AD0073BE52 /* ProfileView.swift */ = {isa = PBXFileReference; lastKnownFileType = sourcecode.swift; path = ProfileView.swift; sourceTree = "<group>"; };
		72CEA24925E115E00073BE52 /* ProfileViewModel.swift */ = {isa = PBXFileReference; lastKnownFileType = sourcecode.swift; path = ProfileViewModel.swift; sourceTree = "<group>"; };
		72CEA24B25E116090073BE52 /* ProfileModel.swift */ = {isa = PBXFileReference; lastKnownFileType = sourcecode.swift; path = ProfileModel.swift; sourceTree = "<group>"; };
		72CEA24D25E116310073BE52 /* ProfileCoordinator.swift */ = {isa = PBXFileReference; lastKnownFileType = sourcecode.swift; path = ProfileCoordinator.swift; sourceTree = "<group>"; };
		72CEA24F25E116740073BE52 /* ProfileRouter.swift */ = {isa = PBXFileReference; lastKnownFileType = sourcecode.swift; path = ProfileRouter.swift; sourceTree = "<group>"; };
		72CEA25125E116840073BE52 /* ProfileAPIManager.swift */ = {isa = PBXFileReference; lastKnownFileType = sourcecode.swift; path = ProfileAPIManager.swift; sourceTree = "<group>"; };
		72DCBDA125EED05700BD3AFC /* LoginViewController.swift */ = {isa = PBXFileReference; lastKnownFileType = sourcecode.swift; path = LoginViewController.swift; sourceTree = "<group>"; };
		72DCBDA325EED06200BD3AFC /* RegisterViewController.swift */ = {isa = PBXFileReference; lastKnownFileType = sourcecode.swift; path = RegisterViewController.swift; sourceTree = "<group>"; };
		72DCBDA525EED07500BD3AFC /* LoginView.swift */ = {isa = PBXFileReference; lastKnownFileType = sourcecode.swift; path = LoginView.swift; sourceTree = "<group>"; };
		72DCBDA725EED07D00BD3AFC /* RegisterView.swift */ = {isa = PBXFileReference; lastKnownFileType = sourcecode.swift; path = RegisterView.swift; sourceTree = "<group>"; };
		72DCBDA925EED09700BD3AFC /* LoginViewModel.swift */ = {isa = PBXFileReference; lastKnownFileType = sourcecode.swift; path = LoginViewModel.swift; sourceTree = "<group>"; };
		72DCBDAB25EED0B100BD3AFC /* AuthCoordinator.swift */ = {isa = PBXFileReference; lastKnownFileType = sourcecode.swift; path = AuthCoordinator.swift; sourceTree = "<group>"; };
		72DCBDAD25EED0C900BD3AFC /* LoginRouter.swift */ = {isa = PBXFileReference; lastKnownFileType = sourcecode.swift; path = LoginRouter.swift; sourceTree = "<group>"; };
		72DCBDB625EED52600BD3AFC /* AppTextField.swift */ = {isa = PBXFileReference; lastKnownFileType = sourcecode.swift; path = AppTextField.swift; sourceTree = "<group>"; };
		72E569FF25EA763100B136D8 /* BinanceAPI.swift */ = {isa = PBXFileReference; lastKnownFileType = sourcecode.swift; path = BinanceAPI.swift; sourceTree = "<group>"; };
		72E56A0725EAA95700B136D8 /* UIColor+random.swift */ = {isa = PBXFileReference; lastKnownFileType = sourcecode.swift; path = "UIColor+random.swift"; sourceTree = "<group>"; };
		72E56A0925EAAB8100B136D8 /* BalanceHeader.swift */ = {isa = PBXFileReference; lastKnownFileType = sourcecode.swift; path = BalanceHeader.swift; sourceTree = "<group>"; };
		72FB6D9625E2DA5200E5289C /* DonutChartView.swift */ = {isa = PBXFileReference; lastKnownFileType = sourcecode.swift; path = DonutChartView.swift; sourceTree = "<group>"; };
		72FB6D9825E2DA6C00E5289C /* BalanceCell.swift */ = {isa = PBXFileReference; lastKnownFileType = sourcecode.swift; path = BalanceCell.swift; sourceTree = "<group>"; };
		C037DEFDF81622B63B5308D4 /* Pods-balance-tracker-ios.debug.xcconfig */ = {isa = PBXFileReference; includeInIndex = 1; lastKnownFileType = text.xcconfig; name = "Pods-balance-tracker-ios.debug.xcconfig"; path = "Target Support Files/Pods-balance-tracker-ios/Pods-balance-tracker-ios.debug.xcconfig"; sourceTree = "<group>"; };
		DA40061C240A70D3C317EB3E /* Pods-balance-tracker-ios.release.xcconfig */ = {isa = PBXFileReference; includeInIndex = 1; lastKnownFileType = text.xcconfig; name = "Pods-balance-tracker-ios.release.xcconfig"; path = "Target Support Files/Pods-balance-tracker-ios/Pods-balance-tracker-ios.release.xcconfig"; sourceTree = "<group>"; };
/* End PBXFileReference section */

/* Begin PBXFrameworksBuildPhase section */
		7201076C25DD9F8200E54F0F /* Frameworks */ = {
			isa = PBXFrameworksBuildPhase;
			buildActionMask = 2147483647;
			files = (
				72E56A0625EA891500B136D8 /* Charts in Frameworks */,
				72CEA1E925DFA62C0073BE52 /* Alamofire in Frameworks */,
				72E56A0325EA776900B136D8 /* CryptoSwift in Frameworks */,
				72AB045B25DF1C14001F4FAB /* SwiftMessages in Frameworks */,
				7201078B25DDA26C00E54F0F /* KeychainAccess in Frameworks */,
				6749B6AEAFE3A7B2C3566DAC /* Pods_balance_tracker_ios.framework in Frameworks */,
			);
			runOnlyForDeploymentPostprocessing = 0;
		};
/* End PBXFrameworksBuildPhase section */

/* Begin PBXGroup section */
		7201076625DD9F8200E54F0F = {
			isa = PBXGroup;
			children = (
				7201077125DD9F8200E54F0F /* balance-tracker-ios */,
				7201077025DD9F8200E54F0F /* Products */,
				9B8ECBE42DB34FF6BA967F30 /* Pods */,
				C976B2C4011B9FB6FFD504BF /* Frameworks */,
			);
			sourceTree = "<group>";
		};
		7201077025DD9F8200E54F0F /* Products */ = {
			isa = PBXGroup;
			children = (
				7201076F25DD9F8200E54F0F /* balance-tracker-ios.app */,
			);
			name = Products;
			sourceTree = "<group>";
		};
		7201077125DD9F8200E54F0F /* balance-tracker-ios */ = {
			isa = PBXGroup;
			children = (
				7201078D25DDA2A200E54F0F /* Base */,
				7201078E25DDA2AD00E54F0F /* Flow */,
				7201077225DD9F8200E54F0F /* AppDelegate.swift */,
				7201077825DD9F8200E54F0F /* Main.storyboard */,
				7201077B25DD9F8700E54F0F /* Assets.xcassets */,
				7201077D25DD9F8700E54F0F /* LaunchScreen.storyboard */,
				7201078025DD9F8700E54F0F /* Info.plist */,
				7298AE4125F0173400336094 /* GoogleService-Info.plist */,
			);
			path = "balance-tracker-ios";
			sourceTree = "<group>";
		};
		7201078D25DDA2A200E54F0F /* Base */ = {
			isa = PBXGroup;
			children = (
				720107DA25DDC86500E54F0F /* CustomElements */,
				720107C925DDAF9C00E54F0F /* BaseElements */,
				720107B725DDAB9E00E54F0F /* Helpers */,
				7201078F25DDA2C800E54F0F /* Coordinator */,
				720107B625DDAB5F00E54F0F /* Extensions */,
				72CEA1EB25DFA6510073BE52 /* Constants */,
				72CEA1F625DFA9850073BE52 /* Network */,
			);
			path = Base;
			sourceTree = "<group>";
		};
		7201078E25DDA2AD00E54F0F /* Flow */ = {
			isa = PBXGroup;
			children = (
				72DCBD9D25EECFEC00BD3AFC /* Auth */,
				72AB046625DF2026001F4FAB /* Tabbar */,
				72CEA1D925DFA5310073BE52 /* Balance */,
				72CEA21D25DFEA6D0073BE52 /* Friends */,
				72CEA21E25DFEA7E0073BE52 /* Profile */,
				7201077625DD9F8200E54F0F /* ViewController.swift */,
			);
			path = Flow;
			sourceTree = "<group>";
		};
		7201078F25DDA2C800E54F0F /* Coordinator */ = {
			isa = PBXGroup;
			children = (
				7201079025DDA2E700E54F0F /* Coordinator.swift */,
				7201079525DDA31700E54F0F /* BaseCoordinator.swift */,
				7201079825DDA3A500E54F0F /* ApplicationCoordinator.swift */,
				7201079B25DDA40000E54F0F /* DependencyContainer.swift */,
				7201079E25DDA46100E54F0F /* CoordinatorFactoryProtocol.swift */,
				720107A125DDA4A200E54F0F /* Router.swift */,
				720107A425DDA4B800E54F0F /* Presentable.swift */,
				720107A725DDA4E200E54F0F /* CoordinatorNavigationController.swift */,
				720107AA25DDA51500E54F0F /* CustomBackButton.swift */,
				720107AD25DDA5A500E54F0F /* AuthViewControllerFactory.swift */,
				720107B025DDAADA00E54F0F /* DependencyContainer+Extension.swift */,
				720107B325DDAB4A00E54F0F /* LaunchInstructor.swift */,
				720107BD25DDABF200E54F0F /* FadeAnimator.swift */,
				720107C025DDAC1500E54F0F /* CoordinatorFinishOutput.swift */,
			);
			path = Coordinator;
			sourceTree = "<group>";
		};
		720107B625DDAB5F00E54F0F /* Extensions */ = {
			isa = PBXGroup;
			children = (
				720107DB25DDC8A900E54F0F /* UIColor+rgba.swift */,
				720107E225DDCAE400E54F0F /* UILabel+extension.swift */,
				720107E525DDCB0E00E54F0F /* String+extension.swift */,
				720107E825DDCB8700E54F0F /* UIView+extension.swift */,
				720107EB25DDCBDA00E54F0F /* UINavigationBar+extension.swift */,
				720107EE25DDCC0600E54F0F /* UIViewController+presentable.swift */,
				720107F125DDCC3E00E54F0F /* UIButton+extension.swift */,
				720107F725DDCC8E00E54F0F /* UIView+layout.swift */,
				720107FA25DDCEDC00E54F0F /* CALayer+extension.swift */,
				72AB045D25DF1C39001F4FAB /* UIViewController+alerts.swift */,
				72AB046025DF1C4A001F4FAB /* UIViewController+extension.swift */,
				72E56A0725EAA95700B136D8 /* UIColor+random.swift */,
				7298AE6825F0216100336094 /* UIButton+style.swift */,
			);
			path = Extensions;
			sourceTree = "<group>";
		};
		720107B725DDAB9E00E54F0F /* Helpers */ = {
			isa = PBXGroup;
			children = (
				720107B825DDABBA00E54F0F /* Account+Keychain.swift */,
				720107C325DDAC2D00E54F0F /* AlertManager.swift */,
				720107C625DDAC7800E54F0F /* UserDefaultHelper.swift */,
				720107D725DDC83C00E54F0F /* Validator.swift */,
				720107DF25DDCA8A00E54F0F /* Currency.swift */,
				72E569FF25EA763100B136D8 /* BinanceAPI.swift */,
			);
			path = Helpers;
			sourceTree = "<group>";
		};
		720107C925DDAF9C00E54F0F /* BaseElements */ = {
			isa = PBXGroup;
			children = (
				720107CA25DDAFA800E54F0F /* BaseView.swift */,
				720107CE25DDAFD000E54F0F /* BaseViewController.swift */,
				720107D125DDB02100E54F0F /* BaseCell.swift */,
				720107D425DDC7FB00E54F0F /* SetupCodeView.swift */,
			);
			path = BaseElements;
			sourceTree = "<group>";
		};
		720107DA25DDC86500E54F0F /* CustomElements */ = {
			isa = PBXGroup;
			children = (
				720107F425DDCC5C00E54F0F /* ButtonWithImage.swift */,
				72CEA21725DFCBF00073BE52 /* BasicCell.swift */,
				72CEA21A25DFE7E70073BE52 /* BasicHeader.swift */,
				72DCBDB625EED52600BD3AFC /* AppTextField.swift */,
				7203A3A125FCC36100FB3AC8 /* CardView.swift */,
			);
			path = CustomElements;
			sourceTree = "<group>";
		};
		728BF146260485B400CBF304 /* FriendList */ = {
			isa = PBXGroup;
			children = (
				72CEA21F25DFEBC70073BE52 /* Network */,
				72CEA22425DFEBE40073BE52 /* Coordinator */,
				72CEA22325DFEBDF0073BE52 /* Model */,
				72CEA22225DFEBDA0073BE52 /* ViewModel */,
				72CEA22125DFEBD60073BE52 /* View */,
				72CEA22025DFEBCE0073BE52 /* ViewController */,
			);
			path = FriendList;
			sourceTree = "<group>";
		};
		728BF147260485BE00CBF304 /* FriendDetail */ = {
			isa = PBXGroup;
			children = (
				728BF1482604B76500CBF304 /* FriendDetailViewController.swift */,
				728BF14A2604BBF300CBF304 /* FriendDetailView.swift */,
			);
			path = FriendDetail;
			sourceTree = "<group>";
		};
		72AB046625DF2026001F4FAB /* Tabbar */ = {
			isa = PBXGroup;
			children = (
				72AB046725DF203C001F4FAB /* MainTabBarCoordinator.swift */,
				72AB046C25DF205A001F4FAB /* MainTabBarController.swift */,
			);
			path = Tabbar;
			sourceTree = "<group>";
		};
		72CEA1D925DFA5310073BE52 /* Balance */ = {
			isa = PBXGroup;
			children = (
				72CEA1DB25DFA5570073BE52 /* Network */,
				72CEA1DA25DFA5500073BE52 /* Coordinator */,
				72CEA1DC25DFA55D0073BE52 /* Model */,
				72CEA1DD25DFA5640073BE52 /* ViewModel */,
				72CEA1DE25DFA56C0073BE52 /* View */,
				72CEA1DF25DFA5710073BE52 /* ViewController */,
			);
			path = Balance;
			sourceTree = "<group>";
		};
		72CEA1DA25DFA5500073BE52 /* Coordinator */ = {
			isa = PBXGroup;
			children = (
				72CEA20825DFAB6D0073BE52 /* BalanceCoordinator.swift */,
			);
			path = Coordinator;
			sourceTree = "<group>";
		};
		72CEA1DB25DFA5570073BE52 /* Network */ = {
			isa = PBXGroup;
			children = (
				72CEA1E025DFA5D50073BE52 /* BalanceRouter.swift */,
				72CEA1E425DFA5E30073BE52 /* BalanceAPIManager.swift */,
			);
			path = Network;
			sourceTree = "<group>";
		};
		72CEA1DC25DFA55D0073BE52 /* Model */ = {
			isa = PBXGroup;
			children = (
				72CEA20B25DFAB8A0073BE52 /* BalanceModel.swift */,
				7225EF43266D53B400BBA2F7 /* CoinPrices.swift */,
			);
			path = Model;
			sourceTree = "<group>";
		};
		72CEA1DD25DFA5640073BE52 /* ViewModel */ = {
			isa = PBXGroup;
			children = (
				72CEA20E25DFCA400073BE52 /* BalanceViewModel.swift */,
			);
			path = ViewModel;
			sourceTree = "<group>";
		};
		72CEA1DE25DFA56C0073BE52 /* View */ = {
			isa = PBXGroup;
			children = (
				72FB6D9825E2DA6C00E5289C /* BalanceCell.swift */,
				72CEA21425DFCB790073BE52 /* BalanceView.swift */,
				72FB6D9625E2DA5200E5289C /* DonutChartView.swift */,
				72E56A0925EAAB8100B136D8 /* BalanceHeader.swift */,
			);
			path = View;
			sourceTree = "<group>";
		};
		72CEA1DF25DFA5710073BE52 /* ViewController */ = {
			isa = PBXGroup;
			children = (
				72CEA21125DFCB6D0073BE52 /* BalanceViewController.swift */,
			);
			path = ViewController;
			sourceTree = "<group>";
		};
		72CEA1EB25DFA6510073BE52 /* Constants */ = {
			isa = PBXGroup;
			children = (
				72CEA1EC25DFA6900073BE52 /* Constants.swift */,
				72CEA1F025DFA69B0073BE52 /* Constants+url.swift */,
				72CEA1F325DFA6A60073BE52 /* Constants+text.swift */,
			);
			path = Constants;
			sourceTree = "<group>";
		};
		72CEA1F625DFA9850073BE52 /* Network */ = {
			isa = PBXGroup;
			children = (
				72CEA1F725DFA9B90073BE52 /* APIManagerRetrier.swift */,
				72CEA1FC25DFA9F90073BE52 /* AlertMessage.swift */,
				72CEA1FF25DFAAAE0073BE52 /* APIErrorModel.swift */,
				72CEA20225DFAAD30073BE52 /* ServiceError.swift */,
				72CEA20525DFAAE80073BE52 /* NetworkError.swift */,
			);
			path = Network;
			sourceTree = "<group>";
		};
		72CEA21D25DFEA6D0073BE52 /* Friends */ = {
			isa = PBXGroup;
			children = (
				728BF146260485B400CBF304 /* FriendList */,
				728BF147260485BE00CBF304 /* FriendDetail */,
			);
			path = Friends;
			sourceTree = "<group>";
		};
		72CEA21E25DFEA7E0073BE52 /* Profile */ = {
			isa = PBXGroup;
			children = (
				72CEA24425E115770073BE52 /* Network */,
				72CEA24325E1156F0073BE52 /* Coordinator */,
				72CEA24225E115690073BE52 /* Model */,
				72CEA24125E115630073BE52 /* ViewModel */,
				72CEA24025E1155F0073BE52 /* View */,
				72CEA23F25E115570073BE52 /* ViewController */,
			);
			path = Profile;
			sourceTree = "<group>";
		};
		72CEA21F25DFEBC70073BE52 /* Network */ = {
			isa = PBXGroup;
			children = (
				72CEA22625DFEC030073BE52 /* FriendsRouter.swift */,
				72CEA22A25DFEC4C0073BE52 /* FriendsAPIManager.swift */,
			);
			path = Network;
			sourceTree = "<group>";
		};
		72CEA22025DFEBCE0073BE52 /* ViewController */ = {
			isa = PBXGroup;
			children = (
				72CEA23D25E1147D0073BE52 /* FriendsViewController.swift */,
			);
			path = ViewController;
			sourceTree = "<group>";
		};
		72CEA22125DFEBD60073BE52 /* View */ = {
			isa = PBXGroup;
			children = (
				72CEA23B25E114380073BE52 /* FriendsView.swift */,
			);
			path = View;
			sourceTree = "<group>";
		};
		72CEA22225DFEBDA0073BE52 /* ViewModel */ = {
			isa = PBXGroup;
			children = (
				72CEA23925E114010073BE52 /* FriendsViewModel.swift */,
			);
			path = ViewModel;
			sourceTree = "<group>";
		};
		72CEA22325DFEBDF0073BE52 /* Model */ = {
			isa = PBXGroup;
			children = (
				72CEA23725E105F40073BE52 /* FriendModel.swift */,
			);
			path = Model;
			sourceTree = "<group>";
		};
		72CEA22425DFEBE40073BE52 /* Coordinator */ = {
			isa = PBXGroup;
			children = (
				72CEA22D25DFEC6F0073BE52 /* FriendsCoordinator.swift */,
			);
			path = Coordinator;
			sourceTree = "<group>";
		};
		72CEA23F25E115570073BE52 /* ViewController */ = {
			isa = PBXGroup;
			children = (
				72CEA24525E1158B0073BE52 /* ProfileViewController.swift */,
			);
			path = ViewController;
			sourceTree = "<group>";
		};
		72CEA24025E1155F0073BE52 /* View */ = {
			isa = PBXGroup;
			children = (
				72CEA24725E115AD0073BE52 /* ProfileView.swift */,
			);
			path = View;
			sourceTree = "<group>";
		};
		72CEA24125E115630073BE52 /* ViewModel */ = {
			isa = PBXGroup;
			children = (
				72CEA24925E115E00073BE52 /* ProfileViewModel.swift */,
			);
			path = ViewModel;
			sourceTree = "<group>";
		};
		72CEA24225E115690073BE52 /* Model */ = {
			isa = PBXGroup;
			children = (
				72CEA24B25E116090073BE52 /* ProfileModel.swift */,
			);
			path = Model;
			sourceTree = "<group>";
		};
		72CEA24325E1156F0073BE52 /* Coordinator */ = {
			isa = PBXGroup;
			children = (
				72CEA24D25E116310073BE52 /* ProfileCoordinator.swift */,
			);
			path = Coordinator;
			sourceTree = "<group>";
		};
		72CEA24425E115770073BE52 /* Network */ = {
			isa = PBXGroup;
			children = (
				72CEA24F25E116740073BE52 /* ProfileRouter.swift */,
				72CEA25125E116840073BE52 /* ProfileAPIManager.swift */,
			);
			path = Network;
			sourceTree = "<group>";
		};
		72DCBD9D25EECFEC00BD3AFC /* Auth */ = {
			isa = PBXGroup;
			children = (
				72DCBDB525EED0F900BD3AFC /* ViewController */,
				72DCBDB425EED0F300BD3AFC /* View */,
				72DCBDB325EED0EB00BD3AFC /* ViewModel */,
				72DCBDB225EED0E400BD3AFC /* Coordinator */,
				72DCBDB125EED0DC00BD3AFC /* Request */,
			);
			path = Auth;
			sourceTree = "<group>";
		};
		72DCBDB125EED0DC00BD3AFC /* Request */ = {
			isa = PBXGroup;
			children = (
				72DCBDAD25EED0C900BD3AFC /* LoginRouter.swift */,
			);
			path = Request;
			sourceTree = "<group>";
		};
		72DCBDB225EED0E400BD3AFC /* Coordinator */ = {
			isa = PBXGroup;
			children = (
				72DCBDAB25EED0B100BD3AFC /* AuthCoordinator.swift */,
			);
			path = Coordinator;
			sourceTree = "<group>";
		};
		72DCBDB325EED0EB00BD3AFC /* ViewModel */ = {
			isa = PBXGroup;
			children = (
				72DCBDA925EED09700BD3AFC /* LoginViewModel.swift */,
			);
			path = ViewModel;
			sourceTree = "<group>";
		};
		72DCBDB425EED0F300BD3AFC /* View */ = {
			isa = PBXGroup;
			children = (
				72DCBDA525EED07500BD3AFC /* LoginView.swift */,
				72DCBDA725EED07D00BD3AFC /* RegisterView.swift */,
				7298AE6A25F19DE900336094 /* BinanceAPIView.swift */,
			);
			path = View;
			sourceTree = "<group>";
		};
		72DCBDB525EED0F900BD3AFC /* ViewController */ = {
			isa = PBXGroup;
			children = (
				72DCBDA125EED05700BD3AFC /* LoginViewController.swift */,
				72DCBDA325EED06200BD3AFC /* RegisterViewController.swift */,
				7298AE6C25F1A01D00336094 /* BinanceAPIViewController.swift */,
			);
			path = ViewController;
			sourceTree = "<group>";
		};
		9B8ECBE42DB34FF6BA967F30 /* Pods */ = {
			isa = PBXGroup;
			children = (
				C037DEFDF81622B63B5308D4 /* Pods-balance-tracker-ios.debug.xcconfig */,
				DA40061C240A70D3C317EB3E /* Pods-balance-tracker-ios.release.xcconfig */,
			);
			path = Pods;
			sourceTree = "<group>";
		};
		C976B2C4011B9FB6FFD504BF /* Frameworks */ = {
			isa = PBXGroup;
			children = (
				66D9457704C58B66AD472495 /* Pods_balance_tracker_ios.framework */,
			);
			name = Frameworks;
			sourceTree = "<group>";
		};
/* End PBXGroup section */

/* Begin PBXNativeTarget section */
		7201076E25DD9F8200E54F0F /* balance-tracker-ios */ = {
			isa = PBXNativeTarget;
			buildConfigurationList = 7201078325DD9F8700E54F0F /* Build configuration list for PBXNativeTarget "balance-tracker-ios" */;
			buildPhases = (
				BBA195F006F9A6686DC6FDC1 /* [CP] Check Pods Manifest.lock */,
				7201076B25DD9F8200E54F0F /* Sources */,
				7201076C25DD9F8200E54F0F /* Frameworks */,
				7201076D25DD9F8200E54F0F /* Resources */,
				72CEA23625E105B40073BE52 /* Embed Frameworks */,
				6AD578C8FED143A4FCEA4C57 /* [CP] Embed Pods Frameworks */,
			);
			buildRules = (
			);
			dependencies = (
			);
			name = "balance-tracker-ios";
			packageProductDependencies = (
				7201078A25DDA26C00E54F0F /* KeychainAccess */,
				72AB045A25DF1C14001F4FAB /* SwiftMessages */,
				72CEA1E825DFA62C0073BE52 /* Alamofire */,
				72E56A0225EA776900B136D8 /* CryptoSwift */,
				72E56A0525EA891500B136D8 /* Charts */,
			);
			productName = "balance-tracker-ios";
			productReference = 7201076F25DD9F8200E54F0F /* balance-tracker-ios.app */;
			productType = "com.apple.product-type.application";
		};
/* End PBXNativeTarget section */

/* Begin PBXProject section */
		7201076725DD9F8200E54F0F /* Project object */ = {
			isa = PBXProject;
			attributes = {
				LastSwiftUpdateCheck = 1240;
				LastUpgradeCheck = 1240;
				TargetAttributes = {
					7201076E25DD9F8200E54F0F = {
						CreatedOnToolsVersion = 12.4;
					};
				};
			};
			buildConfigurationList = 7201076A25DD9F8200E54F0F /* Build configuration list for PBXProject "balance-tracker-ios" */;
			compatibilityVersion = "Xcode 9.3";
			developmentRegion = en;
			hasScannedForEncodings = 0;
			knownRegions = (
				en,
				Base,
			);
			mainGroup = 7201076625DD9F8200E54F0F;
			packageReferences = (
				7201078925DDA26C00E54F0F /* XCRemoteSwiftPackageReference "KeychainAccess" */,
				72AB045925DF1C14001F4FAB /* XCRemoteSwiftPackageReference "SwiftMessages" */,
				72CEA1E725DFA62C0073BE52 /* XCRemoteSwiftPackageReference "Alamofire" */,
				72E56A0125EA776900B136D8 /* XCRemoteSwiftPackageReference "CryptoSwift" */,
				72E56A0425EA891500B136D8 /* XCRemoteSwiftPackageReference "Charts" */,
			);
			productRefGroup = 7201077025DD9F8200E54F0F /* Products */;
			projectDirPath = "";
			projectRoot = "";
			targets = (
				7201076E25DD9F8200E54F0F /* balance-tracker-ios */,
			);
		};
/* End PBXProject section */

/* Begin PBXResourcesBuildPhase section */
		7201076D25DD9F8200E54F0F /* Resources */ = {
			isa = PBXResourcesBuildPhase;
			buildActionMask = 2147483647;
			files = (
				7201077F25DD9F8700E54F0F /* LaunchScreen.storyboard in Resources */,
				7298AE4225F0173400336094 /* GoogleService-Info.plist in Resources */,
				7201077C25DD9F8700E54F0F /* Assets.xcassets in Resources */,
				7201077A25DD9F8200E54F0F /* Main.storyboard in Resources */,
			);
			runOnlyForDeploymentPostprocessing = 0;
		};
/* End PBXResourcesBuildPhase section */

/* Begin PBXShellScriptBuildPhase section */
		6AD578C8FED143A4FCEA4C57 /* [CP] Embed Pods Frameworks */ = {
			isa = PBXShellScriptBuildPhase;
			buildActionMask = 2147483647;
			files = (
			);
			inputFileListPaths = (
				"${PODS_ROOT}/Target Support Files/Pods-balance-tracker-ios/Pods-balance-tracker-ios-frameworks-${CONFIGURATION}-input-files.xcfilelist",
			);
			name = "[CP] Embed Pods Frameworks";
			outputFileListPaths = (
				"${PODS_ROOT}/Target Support Files/Pods-balance-tracker-ios/Pods-balance-tracker-ios-frameworks-${CONFIGURATION}-output-files.xcfilelist",
			);
			runOnlyForDeploymentPostprocessing = 0;
			shellPath = /bin/sh;
			shellScript = "\"${PODS_ROOT}/Target Support Files/Pods-balance-tracker-ios/Pods-balance-tracker-ios-frameworks.sh\"\n";
			showEnvVarsInLog = 0;
		};
		BBA195F006F9A6686DC6FDC1 /* [CP] Check Pods Manifest.lock */ = {
			isa = PBXShellScriptBuildPhase;
			buildActionMask = 2147483647;
			files = (
			);
			inputFileListPaths = (
			);
			inputPaths = (
				"${PODS_PODFILE_DIR_PATH}/Podfile.lock",
				"${PODS_ROOT}/Manifest.lock",
			);
			name = "[CP] Check Pods Manifest.lock";
			outputFileListPaths = (
			);
			outputPaths = (
				"$(DERIVED_FILE_DIR)/Pods-balance-tracker-ios-checkManifestLockResult.txt",
			);
			runOnlyForDeploymentPostprocessing = 0;
			shellPath = /bin/sh;
			shellScript = "diff \"${PODS_PODFILE_DIR_PATH}/Podfile.lock\" \"${PODS_ROOT}/Manifest.lock\" > /dev/null\nif [ $? != 0 ] ; then\n    # print error to STDERR\n    echo \"error: The sandbox is not in sync with the Podfile.lock. Run 'pod install' or update your CocoaPods installation.\" >&2\n    exit 1\nfi\n# This output is used by Xcode 'outputs' to avoid re-running this script phase.\necho \"SUCCESS\" > \"${SCRIPT_OUTPUT_FILE_0}\"\n";
			showEnvVarsInLog = 0;
		};
/* End PBXShellScriptBuildPhase section */

/* Begin PBXSourcesBuildPhase section */
		7201076B25DD9F8200E54F0F /* Sources */ = {
			isa = PBXSourcesBuildPhase;
			buildActionMask = 2147483647;
			files = (
				72CEA20625DFAAE80073BE52 /* NetworkError.swift in Sources */,
				72CEA1F425DFA6A60073BE52 /* Constants+text.swift in Sources */,
				728BF1492604B76500CBF304 /* FriendDetailViewController.swift in Sources */,
				720107E925DDCB8700E54F0F /* UIView+extension.swift in Sources */,
				720107B125DDAADA00E54F0F /* DependencyContainer+Extension.swift in Sources */,
				72DCBDA225EED05700BD3AFC /* LoginViewController.swift in Sources */,
				720107F225DDCC3E00E54F0F /* UIButton+extension.swift in Sources */,
				720107EF25DDCC0600E54F0F /* UIViewController+presentable.swift in Sources */,
				72CEA24625E1158B0073BE52 /* ProfileViewController.swift in Sources */,
				7201079C25DDA40000E54F0F /* DependencyContainer.swift in Sources */,
				72CEA24E25E116310073BE52 /* ProfileCoordinator.swift in Sources */,
				720107F525DDCC5C00E54F0F /* ButtonWithImage.swift in Sources */,
				72DCBDB725EED52600BD3AFC /* AppTextField.swift in Sources */,
				7201079625DDA31700E54F0F /* BaseCoordinator.swift in Sources */,
				72CEA24825E115AD0073BE52 /* ProfileView.swift in Sources */,
				72E56A0825EAA95700B136D8 /* UIColor+random.swift in Sources */,
				720107D225DDB02100E54F0F /* BaseCell.swift in Sources */,
				720107A825DDA4E200E54F0F /* CoordinatorNavigationController.swift in Sources */,
				72DCBDAE25EED0C900BD3AFC /* LoginRouter.swift in Sources */,
				72DCBDAC25EED0B100BD3AFC /* AuthCoordinator.swift in Sources */,
				72CEA1FD25DFA9F90073BE52 /* AlertMessage.swift in Sources */,
				720107D525DDC7FC00E54F0F /* SetupCodeView.swift in Sources */,
				72CEA21525DFCB790073BE52 /* BalanceView.swift in Sources */,
				72CEA22725DFEC030073BE52 /* FriendsRouter.swift in Sources */,
				72CEA20925DFAB6D0073BE52 /* BalanceCoordinator.swift in Sources */,
				72E56A0025EA763100B136D8 /* BinanceAPI.swift in Sources */,
				7201079F25DDA46100E54F0F /* CoordinatorFactoryProtocol.swift in Sources */,
				72DCBDA425EED06200BD3AFC /* RegisterViewController.swift in Sources */,
				720107FB25DDCEDC00E54F0F /* CALayer+extension.swift in Sources */,
				720107E625DDCB0E00E54F0F /* String+extension.swift in Sources */,
				720107B925DDABBA00E54F0F /* Account+Keychain.swift in Sources */,
				720107C725DDAC7800E54F0F /* UserDefaultHelper.swift in Sources */,
				7298AE6B25F19DE900336094 /* BinanceAPIView.swift in Sources */,
				72CEA25225E116840073BE52 /* ProfileAPIManager.swift in Sources */,
				720107E025DDCA8A00E54F0F /* Currency.swift in Sources */,
				72CEA23A25E114010073BE52 /* FriendsViewModel.swift in Sources */,
				720107DC25DDC8A900E54F0F /* UIColor+rgba.swift in Sources */,
				720107EC25DDCBDA00E54F0F /* UINavigationBar+extension.swift in Sources */,
				72CEA20325DFAAD30073BE52 /* ServiceError.swift in Sources */,
				7298AE6D25F1A01D00336094 /* BinanceAPIViewController.swift in Sources */,
				7298AE6925F0216100336094 /* UIButton+style.swift in Sources */,
				72AB045E25DF1C39001F4FAB /* UIViewController+alerts.swift in Sources */,
				7225EF44266D53B400BBA2F7 /* CoinPrices.swift in Sources */,
				72CEA24A25E115E00073BE52 /* ProfileViewModel.swift in Sources */,
				72DCBDA625EED07500BD3AFC /* LoginView.swift in Sources */,
				72CEA20F25DFCA400073BE52 /* BalanceViewModel.swift in Sources */,
				72E56A0A25EAAB8100B136D8 /* BalanceHeader.swift in Sources */,
				720107C125DDAC1500E54F0F /* CoordinatorFinishOutput.swift in Sources */,
				72CEA1F825DFA9B90073BE52 /* APIManagerRetrier.swift in Sources */,
				720107A525DDA4B800E54F0F /* Presentable.swift in Sources */,
				7201077725DD9F8200E54F0F /* ViewController.swift in Sources */,
				72FB6D9725E2DA5200E5289C /* DonutChartView.swift in Sources */,
				72CEA1ED25DFA6900073BE52 /* Constants.swift in Sources */,
				720107C425DDAC2D00E54F0F /* AlertManager.swift in Sources */,
				720107F825DDCC8E00E54F0F /* UIView+layout.swift in Sources */,
				720107BE25DDABF200E54F0F /* FadeAnimator.swift in Sources */,
				720107A225DDA4A200E54F0F /* Router.swift in Sources */,
				72CEA22E25DFEC6F0073BE52 /* FriendsCoordinator.swift in Sources */,
				72CEA24C25E116090073BE52 /* ProfileModel.swift in Sources */,
				72CEA1E125DFA5D50073BE52 /* BalanceRouter.swift in Sources */,
				72CEA20025DFAAAE0073BE52 /* APIErrorModel.swift in Sources */,
				72CEA23E25E1147D0073BE52 /* FriendsViewController.swift in Sources */,
				72AB046825DF203C001F4FAB /* MainTabBarCoordinator.swift in Sources */,
				72CEA22B25DFEC4C0073BE52 /* FriendsAPIManager.swift in Sources */,
				72CEA25025E116740073BE52 /* ProfileRouter.swift in Sources */,
				72AB046125DF1C4A001F4FAB /* UIViewController+extension.swift in Sources */,
				72CEA21825DFCBF00073BE52 /* BasicCell.swift in Sources */,
				72CEA23C25E114380073BE52 /* FriendsView.swift in Sources */,
				728BF14B2604BBF300CBF304 /* FriendDetailView.swift in Sources */,
				720107CF25DDAFD000E54F0F /* BaseViewController.swift in Sources */,
				7201077325DD9F8200E54F0F /* AppDelegate.swift in Sources */,
				72AB046D25DF205A001F4FAB /* MainTabBarController.swift in Sources */,
				72CEA23825E105F40073BE52 /* FriendModel.swift in Sources */,
				72CEA21225DFCB6D0073BE52 /* BalanceViewController.swift in Sources */,
				720107B425DDAB4A00E54F0F /* LaunchInstructor.swift in Sources */,
				72CEA20C25DFAB8A0073BE52 /* BalanceModel.swift in Sources */,
				7203A3A225FCC36100FB3AC8 /* CardView.swift in Sources */,
				72DCBDA825EED07D00BD3AFC /* RegisterView.swift in Sources */,
				72DCBDAA25EED09700BD3AFC /* LoginViewModel.swift in Sources */,
				72CEA1E525DFA5E30073BE52 /* BalanceAPIManager.swift in Sources */,
				720107E325DDCAE400E54F0F /* UILabel+extension.swift in Sources */,
				720107AB25DDA51500E54F0F /* CustomBackButton.swift in Sources */,
				72CEA1F125DFA69B0073BE52 /* Constants+url.swift in Sources */,
				7201079125DDA2E700E54F0F /* Coordinator.swift in Sources */,
				720107CB25DDAFA800E54F0F /* BaseView.swift in Sources */,
				720107D825DDC83C00E54F0F /* Validator.swift in Sources */,
				7201079925DDA3A500E54F0F /* ApplicationCoordinator.swift in Sources */,
				720107AE25DDA5A500E54F0F /* AuthViewControllerFactory.swift in Sources */,
				72FB6D9925E2DA6C00E5289C /* BalanceCell.swift in Sources */,
				72CEA21B25DFE7E70073BE52 /* BasicHeader.swift in Sources */,
			);
			runOnlyForDeploymentPostprocessing = 0;
		};
/* End PBXSourcesBuildPhase section */

/* Begin PBXVariantGroup section */
		7201077825DD9F8200E54F0F /* Main.storyboard */ = {
			isa = PBXVariantGroup;
			children = (
				7201077925DD9F8200E54F0F /* Base */,
			);
			name = Main.storyboard;
			sourceTree = "<group>";
		};
		7201077D25DD9F8700E54F0F /* LaunchScreen.storyboard */ = {
			isa = PBXVariantGroup;
			children = (
				7201077E25DD9F8700E54F0F /* Base */,
			);
			name = LaunchScreen.storyboard;
			sourceTree = "<group>";
		};
/* End PBXVariantGroup section */

/* Begin XCBuildConfiguration section */
		7201078125DD9F8700E54F0F /* Debug */ = {
			isa = XCBuildConfiguration;
			buildSettings = {
				ALWAYS_SEARCH_USER_PATHS = NO;
				CLANG_ANALYZER_NONNULL = YES;
				CLANG_ANALYZER_NUMBER_OBJECT_CONVERSION = YES_AGGRESSIVE;
				CLANG_CXX_LANGUAGE_STANDARD = "gnu++14";
				CLANG_CXX_LIBRARY = "libc++";
				CLANG_ENABLE_MODULES = YES;
				CLANG_ENABLE_OBJC_ARC = YES;
				CLANG_ENABLE_OBJC_WEAK = YES;
				CLANG_WARN_BLOCK_CAPTURE_AUTORELEASING = YES;
				CLANG_WARN_BOOL_CONVERSION = YES;
				CLANG_WARN_COMMA = YES;
				CLANG_WARN_CONSTANT_CONVERSION = YES;
				CLANG_WARN_DEPRECATED_OBJC_IMPLEMENTATIONS = YES;
				CLANG_WARN_DIRECT_OBJC_ISA_USAGE = YES_ERROR;
				CLANG_WARN_DOCUMENTATION_COMMENTS = YES;
				CLANG_WARN_EMPTY_BODY = YES;
				CLANG_WARN_ENUM_CONVERSION = YES;
				CLANG_WARN_INFINITE_RECURSION = YES;
				CLANG_WARN_INT_CONVERSION = YES;
				CLANG_WARN_NON_LITERAL_NULL_CONVERSION = YES;
				CLANG_WARN_OBJC_IMPLICIT_RETAIN_SELF = YES;
				CLANG_WARN_OBJC_LITERAL_CONVERSION = YES;
				CLANG_WARN_OBJC_ROOT_CLASS = YES_ERROR;
				CLANG_WARN_QUOTED_INCLUDE_IN_FRAMEWORK_HEADER = YES;
				CLANG_WARN_RANGE_LOOP_ANALYSIS = YES;
				CLANG_WARN_STRICT_PROTOTYPES = YES;
				CLANG_WARN_SUSPICIOUS_MOVE = YES;
				CLANG_WARN_UNGUARDED_AVAILABILITY = YES_AGGRESSIVE;
				CLANG_WARN_UNREACHABLE_CODE = YES;
				CLANG_WARN__DUPLICATE_METHOD_MATCH = YES;
				COPY_PHASE_STRIP = NO;
				DEBUG_INFORMATION_FORMAT = dwarf;
				ENABLE_STRICT_OBJC_MSGSEND = YES;
				ENABLE_TESTABILITY = YES;
				GCC_C_LANGUAGE_STANDARD = gnu11;
				GCC_DYNAMIC_NO_PIC = NO;
				GCC_NO_COMMON_BLOCKS = YES;
				GCC_OPTIMIZATION_LEVEL = 0;
				GCC_PREPROCESSOR_DEFINITIONS = (
					"DEBUG=1",
					"$(inherited)",
				);
				GCC_WARN_64_TO_32_BIT_CONVERSION = YES;
				GCC_WARN_ABOUT_RETURN_TYPE = YES_ERROR;
				GCC_WARN_UNDECLARED_SELECTOR = YES;
				GCC_WARN_UNINITIALIZED_AUTOS = YES_AGGRESSIVE;
				GCC_WARN_UNUSED_FUNCTION = YES;
				GCC_WARN_UNUSED_VARIABLE = YES;
				IPHONEOS_DEPLOYMENT_TARGET = 13.0;
				MTL_ENABLE_DEBUG_INFO = INCLUDE_SOURCE;
				MTL_FAST_MATH = YES;
				ONLY_ACTIVE_ARCH = YES;
				SDKROOT = iphoneos;
				SWIFT_ACTIVE_COMPILATION_CONDITIONS = DEBUG;
				SWIFT_OPTIMIZATION_LEVEL = "-Onone";
			};
			name = Debug;
		};
		7201078225DD9F8700E54F0F /* Release */ = {
			isa = XCBuildConfiguration;
			buildSettings = {
				ALWAYS_SEARCH_USER_PATHS = NO;
				CLANG_ANALYZER_NONNULL = YES;
				CLANG_ANALYZER_NUMBER_OBJECT_CONVERSION = YES_AGGRESSIVE;
				CLANG_CXX_LANGUAGE_STANDARD = "gnu++14";
				CLANG_CXX_LIBRARY = "libc++";
				CLANG_ENABLE_MODULES = YES;
				CLANG_ENABLE_OBJC_ARC = YES;
				CLANG_ENABLE_OBJC_WEAK = YES;
				CLANG_WARN_BLOCK_CAPTURE_AUTORELEASING = YES;
				CLANG_WARN_BOOL_CONVERSION = YES;
				CLANG_WARN_COMMA = YES;
				CLANG_WARN_CONSTANT_CONVERSION = YES;
				CLANG_WARN_DEPRECATED_OBJC_IMPLEMENTATIONS = YES;
				CLANG_WARN_DIRECT_OBJC_ISA_USAGE = YES_ERROR;
				CLANG_WARN_DOCUMENTATION_COMMENTS = YES;
				CLANG_WARN_EMPTY_BODY = YES;
				CLANG_WARN_ENUM_CONVERSION = YES;
				CLANG_WARN_INFINITE_RECURSION = YES;
				CLANG_WARN_INT_CONVERSION = YES;
				CLANG_WARN_NON_LITERAL_NULL_CONVERSION = YES;
				CLANG_WARN_OBJC_IMPLICIT_RETAIN_SELF = YES;
				CLANG_WARN_OBJC_LITERAL_CONVERSION = YES;
				CLANG_WARN_OBJC_ROOT_CLASS = YES_ERROR;
				CLANG_WARN_QUOTED_INCLUDE_IN_FRAMEWORK_HEADER = YES;
				CLANG_WARN_RANGE_LOOP_ANALYSIS = YES;
				CLANG_WARN_STRICT_PROTOTYPES = YES;
				CLANG_WARN_SUSPICIOUS_MOVE = YES;
				CLANG_WARN_UNGUARDED_AVAILABILITY = YES_AGGRESSIVE;
				CLANG_WARN_UNREACHABLE_CODE = YES;
				CLANG_WARN__DUPLICATE_METHOD_MATCH = YES;
				COPY_PHASE_STRIP = NO;
				DEBUG_INFORMATION_FORMAT = "dwarf-with-dsym";
				ENABLE_NS_ASSERTIONS = NO;
				ENABLE_STRICT_OBJC_MSGSEND = YES;
				GCC_C_LANGUAGE_STANDARD = gnu11;
				GCC_NO_COMMON_BLOCKS = YES;
				GCC_WARN_64_TO_32_BIT_CONVERSION = YES;
				GCC_WARN_ABOUT_RETURN_TYPE = YES_ERROR;
				GCC_WARN_UNDECLARED_SELECTOR = YES;
				GCC_WARN_UNINITIALIZED_AUTOS = YES_AGGRESSIVE;
				GCC_WARN_UNUSED_FUNCTION = YES;
				GCC_WARN_UNUSED_VARIABLE = YES;
				IPHONEOS_DEPLOYMENT_TARGET = 13.0;
				MTL_ENABLE_DEBUG_INFO = NO;
				MTL_FAST_MATH = YES;
				SDKROOT = iphoneos;
				SWIFT_COMPILATION_MODE = wholemodule;
				SWIFT_OPTIMIZATION_LEVEL = "-O";
				VALIDATE_PRODUCT = YES;
			};
			name = Release;
		};
		7201078425DD9F8700E54F0F /* Debug */ = {
			isa = XCBuildConfiguration;
			baseConfigurationReference = C037DEFDF81622B63B5308D4 /* Pods-balance-tracker-ios.debug.xcconfig */;
			buildSettings = {
				ASSETCATALOG_COMPILER_APPICON_NAME = AppIcon;
				ASSETCATALOG_COMPILER_GLOBAL_ACCENT_COLOR_NAME = AccentColor;
				CODE_SIGN_STYLE = Automatic;
				DEVELOPMENT_TEAM = KLJ32GT9C2;
				INFOPLIST_FILE = "balance-tracker-ios/Info.plist";
				LD_RUNPATH_SEARCH_PATHS = (
					"$(inherited)",
					"@executable_path/Frameworks",
				);
				PRODUCT_BUNDLE_IDENTIFIER = "bahadirovski.balance-tracker-ios";
				PRODUCT_NAME = "$(TARGET_NAME)";
				SWIFT_VERSION = 5.0;
				TARGETED_DEVICE_FAMILY = "1,2";
			};
			name = Debug;
		};
		7201078525DD9F8700E54F0F /* Release */ = {
			isa = XCBuildConfiguration;
			baseConfigurationReference = DA40061C240A70D3C317EB3E /* Pods-balance-tracker-ios.release.xcconfig */;
			buildSettings = {
				ASSETCATALOG_COMPILER_APPICON_NAME = AppIcon;
				ASSETCATALOG_COMPILER_GLOBAL_ACCENT_COLOR_NAME = AccentColor;
				CODE_SIGN_STYLE = Automatic;
				DEVELOPMENT_TEAM = KLJ32GT9C2;
				INFOPLIST_FILE = "balance-tracker-ios/Info.plist";
				LD_RUNPATH_SEARCH_PATHS = (
					"$(inherited)",
					"@executable_path/Frameworks",
				);
				PRODUCT_BUNDLE_IDENTIFIER = "bahadirovski.balance-tracker-ios";
				PRODUCT_NAME = "$(TARGET_NAME)";
				SWIFT_VERSION = 5.0;
				TARGETED_DEVICE_FAMILY = "1,2";
			};
			name = Release;
		};
/* End XCBuildConfiguration section */

/* Begin XCConfigurationList section */
		7201076A25DD9F8200E54F0F /* Build configuration list for PBXProject "balance-tracker-ios" */ = {
			isa = XCConfigurationList;
			buildConfigurations = (
				7201078125DD9F8700E54F0F /* Debug */,
				7201078225DD9F8700E54F0F /* Release */,
			);
			defaultConfigurationIsVisible = 0;
			defaultConfigurationName = Release;
		};
		7201078325DD9F8700E54F0F /* Build configuration list for PBXNativeTarget "balance-tracker-ios" */ = {
			isa = XCConfigurationList;
			buildConfigurations = (
				7201078425DD9F8700E54F0F /* Debug */,
				7201078525DD9F8700E54F0F /* Release */,
			);
			defaultConfigurationIsVisible = 0;
			defaultConfigurationName = Release;
		};
/* End XCConfigurationList section */

/* Begin XCRemoteSwiftPackageReference section */
		7201078925DDA26C00E54F0F /* XCRemoteSwiftPackageReference "KeychainAccess" */ = {
			isa = XCRemoteSwiftPackageReference;
			repositoryURL = "https://github.com/kishikawakatsumi/KeychainAccess";
			requirement = {
				kind = upToNextMajorVersion;
				minimumVersion = 4.2.1;
			};
		};
		72AB045925DF1C14001F4FAB /* XCRemoteSwiftPackageReference "SwiftMessages" */ = {
			isa = XCRemoteSwiftPackageReference;
			repositoryURL = "https://github.com/SwiftKickMobile/SwiftMessages";
			requirement = {
				kind = upToNextMajorVersion;
				minimumVersion = 9.0.0;
			};
		};
		72CEA1E725DFA62C0073BE52 /* XCRemoteSwiftPackageReference "Alamofire" */ = {
			isa = XCRemoteSwiftPackageReference;
			repositoryURL = "https://github.com/Alamofire/Alamofire";
			requirement = {
				kind = upToNextMajorVersion;
				minimumVersion = 5.4.1;
			};
		};
		72E56A0125EA776900B136D8 /* XCRemoteSwiftPackageReference "CryptoSwift" */ = {
			isa = XCRemoteSwiftPackageReference;
			repositoryURL = "https://github.com/krzyzanowskim/CryptoSwift";
			requirement = {
				kind = upToNextMajorVersion;
				minimumVersion = 1.3.8;
			};
		};
		72E56A0425EA891500B136D8 /* XCRemoteSwiftPackageReference "Charts" */ = {
			isa = XCRemoteSwiftPackageReference;
			repositoryURL = "https://github.com/danielgindi/Charts";
			requirement = {
				kind = upToNextMajorVersion;
				minimumVersion = 4.0.1;
			};
		};
/* End XCRemoteSwiftPackageReference section */

/* Begin XCSwiftPackageProductDependency section */
		7201078A25DDA26C00E54F0F /* KeychainAccess */ = {
			isa = XCSwiftPackageProductDependency;
			package = 7201078925DDA26C00E54F0F /* XCRemoteSwiftPackageReference "KeychainAccess" */;
			productName = KeychainAccess;
		};
		72AB045A25DF1C14001F4FAB /* SwiftMessages */ = {
			isa = XCSwiftPackageProductDependency;
			package = 72AB045925DF1C14001F4FAB /* XCRemoteSwiftPackageReference "SwiftMessages" */;
			productName = SwiftMessages;
		};
		72CEA1E825DFA62C0073BE52 /* Alamofire */ = {
			isa = XCSwiftPackageProductDependency;
			package = 72CEA1E725DFA62C0073BE52 /* XCRemoteSwiftPackageReference "Alamofire" */;
			productName = Alamofire;
		};
		72E56A0225EA776900B136D8 /* CryptoSwift */ = {
			isa = XCSwiftPackageProductDependency;
			package = 72E56A0125EA776900B136D8 /* XCRemoteSwiftPackageReference "CryptoSwift" */;
			productName = CryptoSwift;
		};
		72E56A0525EA891500B136D8 /* Charts */ = {
			isa = XCSwiftPackageProductDependency;
			package = 72E56A0425EA891500B136D8 /* XCRemoteSwiftPackageReference "Charts" */;
			productName = Charts;
		};
/* End XCSwiftPackageProductDependency section */
	};
	rootObject = 7201076725DD9F8200E54F0F /* Project object */;
}
